// !$*UTF8*$!
{
	archiveVersion = 1;
	classes = {
	};
	objectVersion = 56;
	objects = {

/* Begin PBXBuildFile section */
		05328DBF2A80B7D20041CA49 /* Unicode_DisplayApp.swift in Sources */ = {isa = PBXBuildFile; fileRef = 05328DBE2A80B7D20041CA49 /* Unicode_DisplayApp.swift */; };
		05328DC12A80B7D20041CA49 /* ContentView.swift in Sources */ = {isa = PBXBuildFile; fileRef = 05328DC02A80B7D20041CA49 /* ContentView.swift */; };
		05328DC32A80B7D40041CA49 /* Assets.xcassets in Resources */ = {isa = PBXBuildFile; fileRef = 05328DC22A80B7D40041CA49 /* Assets.xcassets */; };
		05328DC62A80B7D40041CA49 /* Preview Assets.xcassets in Resources */ = {isa = PBXBuildFile; fileRef = 05328DC52A80B7D40041CA49 /* Preview Assets.xcassets */; };
		05E9BA722A80B8A9000B4EE8 /* calculate.c in Sources */ = {isa = PBXBuildFile; fileRef = 05E9BA712A80B8A9000B4EE8 /* calculate.c */; };
		05E9BA742A8112C5000B4EE8 /* Converter.swift in Sources */ = {isa = PBXBuildFile; fileRef = 05E9BA732A8112C5000B4EE8 /* Converter.swift */; };
/* End PBXBuildFile section */

/* Begin PBXFileReference section */
		05328DBB2A80B7D20041CA49 /* Unicode Display.app */ = {isa = PBXFileReference; explicitFileType = wrapper.application; includeInIndex = 0; path = "Unicode Display.app"; sourceTree = BUILT_PRODUCTS_DIR; };
		05328DBE2A80B7D20041CA49 /* Unicode_DisplayApp.swift */ = {isa = PBXFileReference; lastKnownFileType = sourcecode.swift; path = Unicode_DisplayApp.swift; sourceTree = "<group>"; };
		05328DC02A80B7D20041CA49 /* ContentView.swift */ = {isa = PBXFileReference; lastKnownFileType = sourcecode.swift; path = ContentView.swift; sourceTree = "<group>"; };
		05328DC22A80B7D40041CA49 /* Assets.xcassets */ = {isa = PBXFileReference; lastKnownFileType = folder.assetcatalog; path = Assets.xcassets; sourceTree = "<group>"; };
		05328DC52A80B7D40041CA49 /* Preview Assets.xcassets */ = {isa = PBXFileReference; lastKnownFileType = folder.assetcatalog; path = "Preview Assets.xcassets"; sourceTree = "<group>"; };
		05328DC72A80B7D40041CA49 /* Unicode_Display.entitlements */ = {isa = PBXFileReference; lastKnownFileType = text.plist.entitlements; path = Unicode_Display.entitlements; sourceTree = "<group>"; };
		05E9BA6F2A80B8A8000B4EE8 /* Unicode Display-Bridging-Header.h */ = {isa = PBXFileReference; lastKnownFileType = sourcecode.c.h; path = "Unicode Display-Bridging-Header.h"; sourceTree = "<group>"; };
		05E9BA702A80B8A9000B4EE8 /* calculate.h */ = {isa = PBXFileReference; lastKnownFileType = sourcecode.c.h; path = calculate.h; sourceTree = "<group>"; };
		05E9BA712A80B8A9000B4EE8 /* calculate.c */ = {isa = PBXFileReference; lastKnownFileType = sourcecode.c.c; path = calculate.c; sourceTree = "<group>"; };
		05E9BA732A8112C5000B4EE8 /* Converter.swift */ = {isa = PBXFileReference; lastKnownFileType = sourcecode.swift; path = Converter.swift; sourceTree = "<group>"; };
/* End PBXFileReference section */

/* Begin PBXFrameworksBuildPhase section */
		05328DB82A80B7D20041CA49 /* Frameworks */ = {
			isa = PBXFrameworksBuildPhase;
			buildActionMask = 2147483647;
			files = (
			);
			runOnlyForDeploymentPostprocessing = 0;
		};
/* End PBXFrameworksBuildPhase section */

/* Begin PBXGroup section */
		05328DB22A80B7D20041CA49 = {
			isa = PBXGroup;
			children = (
				05328DBD2A80B7D20041CA49 /* Unicode Display */,
				05328DBC2A80B7D20041CA49 /* Products */,
			);
			sourceTree = "<group>";
		};
		05328DBC2A80B7D20041CA49 /* Products */ = {
			isa = PBXGroup;
			children = (
				05328DBB2A80B7D20041CA49 /* Unicode Display.app */,
			);
			name = Products;
			sourceTree = "<group>";
		};
		05328DBD2A80B7D20041CA49 /* Unicode Display */ = {
			isa = PBXGroup;
			children = (
				05328DBE2A80B7D20041CA49 /* Unicode_DisplayApp.swift */,
				05328DC02A80B7D20041CA49 /* ContentView.swift */,
				05E9BA732A8112C5000B4EE8 /* Converter.swift */,
				05E9BA702A80B8A9000B4EE8 /* calculate.h */,
				05E9BA712A80B8A9000B4EE8 /* calculate.c */,
				05328DC22A80B7D40041CA49 /* Assets.xcassets */,
				05328DC72A80B7D40041CA49 /* Unicode_Display.entitlements */,
				05328DC42A80B7D40041CA49 /* Preview Content */,
				05E9BA6F2A80B8A8000B4EE8 /* Unicode Display-Bridging-Header.h */,
			);
			path = "Unicode Display";
			sourceTree = "<group>";
		};
		05328DC42A80B7D40041CA49 /* Preview Content */ = {
			isa = PBXGroup;
			children = (
				05328DC52A80B7D40041CA49 /* Preview Assets.xcassets */,
			);
			path = "Preview Content";
			sourceTree = "<group>";
		};
/* End PBXGroup section */

/* Begin PBXNativeTarget section */
		05328DBA2A80B7D20041CA49 /* Unicode Display */ = {
			isa = PBXNativeTarget;
			buildConfigurationList = 05328DCA2A80B7D40041CA49 /* Build configuration list for PBXNativeTarget "Unicode Display" */;
			buildPhases = (
				05328DB72A80B7D20041CA49 /* Sources */,
				05328DB82A80B7D20041CA49 /* Frameworks */,
				05328DB92A80B7D20041CA49 /* Resources */,
			);
			buildRules = (
			);
			dependencies = (
			);
			name = "Unicode Display";
			productName = "Unicode Binary";
			productReference = 05328DBB2A80B7D20041CA49 /* Unicode Display.app */;
			productType = "com.apple.product-type.application";
		};
/* End PBXNativeTarget section */

/* Begin PBXProject section */
		05328DB32A80B7D20041CA49 /* Project object */ = {
			isa = PBXProject;
			attributes = {
				BuildIndependentTargetsInParallel = 1;
				LastSwiftUpdateCheck = 1500;
				LastUpgradeCheck = 1500;
				TargetAttributes = {
					05328DBA2A80B7D20041CA49 = {
						CreatedOnToolsVersion = 15.0;
						LastSwiftMigration = 1500;
					};
				};
			};
			buildConfigurationList = 05328DB62A80B7D20041CA49 /* Build configuration list for PBXProject "Unicode Display" */;
			compatibilityVersion = "Xcode 14.0";
			developmentRegion = en;
			hasScannedForEncodings = 0;
			knownRegions = (
				en,
				Base,
			);
			mainGroup = 05328DB22A80B7D20041CA49;
			productRefGroup = 05328DBC2A80B7D20041CA49 /* Products */;
			projectDirPath = "";
			projectRoot = "";
			targets = (
				05328DBA2A80B7D20041CA49 /* Unicode Display */,
			);
		};
/* End PBXProject section */

/* Begin PBXResourcesBuildPhase section */
		05328DB92A80B7D20041CA49 /* Resources */ = {
			isa = PBXResourcesBuildPhase;
			buildActionMask = 2147483647;
			files = (
				05328DC62A80B7D40041CA49 /* Preview Assets.xcassets in Resources */,
				05328DC32A80B7D40041CA49 /* Assets.xcassets in Resources */,
			);
			runOnlyForDeploymentPostprocessing = 0;
		};
/* End PBXResourcesBuildPhase section */

/* Begin PBXSourcesBuildPhase section */
		05328DB72A80B7D20041CA49 /* Sources */ = {
			isa = PBXSourcesBuildPhase;
			buildActionMask = 2147483647;
			files = (
				05328DC12A80B7D20041CA49 /* ContentView.swift in Sources */,
				05E9BA722A80B8A9000B4EE8 /* calculate.c in Sources */,
				05E9BA742A8112C5000B4EE8 /* Converter.swift in Sources */,
				05328DBF2A80B7D20041CA49 /* Unicode_DisplayApp.swift in Sources */,
			);
			runOnlyForDeploymentPostprocessing = 0;
		};
/* End PBXSourcesBuildPhase section */

/* Begin XCBuildConfiguration section */
		05328DC82A80B7D40041CA49 /* Debug */ = {
			isa = XCBuildConfiguration;
			buildSettings = {
				ALWAYS_SEARCH_USER_PATHS = NO;
				ASSETCATALOG_COMPILER_GENERATE_SWIFT_ASSET_SYMBOL_EXTENSIONS = YES;
				CLANG_ANALYZER_NONNULL = YES;
				CLANG_ANALYZER_NUMBER_OBJECT_CONVERSION = YES_AGGRESSIVE;
				CLANG_CXX_LANGUAGE_STANDARD = "gnu++20";
				CLANG_ENABLE_MODULES = YES;
				CLANG_ENABLE_OBJC_ARC = YES;
				CLANG_ENABLE_OBJC_WEAK = YES;
				CLANG_WARN_BLOCK_CAPTURE_AUTORELEASING = YES;
				CLANG_WARN_BOOL_CONVERSION = YES;
				CLANG_WARN_COMMA = YES;
				CLANG_WARN_CONSTANT_CONVERSION = YES;
				CLANG_WARN_DEPRECATED_OBJC_IMPLEMENTATIONS = YES;
				CLANG_WARN_DIRECT_OBJC_ISA_USAGE = YES_ERROR;
				CLANG_WARN_DOCUMENTATION_COMMENTS = YES;
				CLANG_WARN_EMPTY_BODY = YES;
				CLANG_WARN_ENUM_CONVERSION = YES;
				CLANG_WARN_INFINITE_RECURSION = YES;
				CLANG_WARN_INT_CONVERSION = YES;
				CLANG_WARN_NON_LITERAL_NULL_CONVERSION = YES;
				CLANG_WARN_OBJC_IMPLICIT_RETAIN_SELF = YES;
				CLANG_WARN_OBJC_LITERAL_CONVERSION = YES;
				CLANG_WARN_OBJC_ROOT_CLASS = YES_ERROR;
				CLANG_WARN_QUOTED_INCLUDE_IN_FRAMEWORK_HEADER = YES;
				CLANG_WARN_RANGE_LOOP_ANALYSIS = YES;
				CLANG_WARN_STRICT_PROTOTYPES = YES;
				CLANG_WARN_SUSPICIOUS_MOVE = YES;
				CLANG_WARN_UNGUARDED_AVAILABILITY = YES_AGGRESSIVE;
				CLANG_WARN_UNREACHABLE_CODE = YES;
				CLANG_WARN__DUPLICATE_METHOD_MATCH = YES;
				COPY_PHASE_STRIP = NO;
				DEBUG_INFORMATION_FORMAT = dwarf;
				ENABLE_STRICT_OBJC_MSGSEND = YES;
				ENABLE_TESTABILITY = YES;
				ENABLE_USER_SCRIPT_SANDBOXING = YES;
				GCC_C_LANGUAGE_STANDARD = gnu17;
				GCC_DYNAMIC_NO_PIC = NO;
				GCC_NO_COMMON_BLOCKS = YES;
				GCC_OPTIMIZATION_LEVEL = 0;
				GCC_PREPROCESSOR_DEFINITIONS = (
					"DEBUG=1",
					"$(inherited)",
				);
				GCC_WARN_64_TO_32_BIT_CONVERSION = YES;
				GCC_WARN_ABOUT_RETURN_TYPE = YES_ERROR;
				GCC_WARN_UNDECLARED_SELECTOR = YES;
				GCC_WARN_UNINITIALIZED_AUTOS = YES_AGGRESSIVE;
				GCC_WARN_UNUSED_FUNCTION = YES;
				GCC_WARN_UNUSED_VARIABLE = YES;
				LOCALIZATION_PREFERS_STRING_CATALOGS = YES;
				MACOSX_DEPLOYMENT_TARGET = 14.0;
				MTL_ENABLE_DEBUG_INFO = INCLUDE_SOURCE;
				MTL_FAST_MATH = YES;
				ONLY_ACTIVE_ARCH = YES;
				SDKROOT = macosx;
				SWIFT_ACTIVE_COMPILATION_CONDITIONS = "DEBUG $(inherited)";
				SWIFT_OPTIMIZATION_LEVEL = "-Onone";
			};
			name = Debug;
		};
		05328DC92A80B7D40041CA49 /* Release */ = {
			isa = XCBuildConfiguration;
			buildSettings = {
				ALWAYS_SEARCH_USER_PATHS = NO;
				ASSETCATALOG_COMPILER_GENERATE_SWIFT_ASSET_SYMBOL_EXTENSIONS = YES;
				CLANG_ANALYZER_NONNULL = YES;
				CLANG_ANALYZER_NUMBER_OBJECT_CONVERSION = YES_AGGRESSIVE;
				CLANG_CXX_LANGUAGE_STANDARD = "gnu++20";
				CLANG_ENABLE_MODULES = YES;
				CLANG_ENABLE_OBJC_ARC = YES;
				CLANG_ENABLE_OBJC_WEAK = YES;
				CLANG_WARN_BLOCK_CAPTURE_AUTORELEASING = YES;
				CLANG_WARN_BOOL_CONVERSION = YES;
				CLANG_WARN_COMMA = YES;
				CLANG_WARN_CONSTANT_CONVERSION = YES;
				CLANG_WARN_DEPRECATED_OBJC_IMPLEMENTATIONS = YES;
				CLANG_WARN_DIRECT_OBJC_ISA_USAGE = YES_ERROR;
				CLANG_WARN_DOCUMENTATION_COMMENTS = YES;
				CLANG_WARN_EMPTY_BODY = YES;
				CLANG_WARN_ENUM_CONVERSION = YES;
				CLANG_WARN_INFINITE_RECURSION = YES;
				CLANG_WARN_INT_CONVERSION = YES;
				CLANG_WARN_NON_LITERAL_NULL_CONVERSION = YES;
				CLANG_WARN_OBJC_IMPLICIT_RETAIN_SELF = YES;
				CLANG_WARN_OBJC_LITERAL_CONVERSION = YES;
				CLANG_WARN_OBJC_ROOT_CLASS = YES_ERROR;
				CLANG_WARN_QUOTED_INCLUDE_IN_FRAMEWORK_HEADER = YES;
				CLANG_WARN_RANGE_LOOP_ANALYSIS = YES;
				CLANG_WARN_STRICT_PROTOTYPES = YES;
				CLANG_WARN_SUSPICIOUS_MOVE = YES;
				CLANG_WARN_UNGUARDED_AVAILABILITY = YES_AGGRESSIVE;
				CLANG_WARN_UNREACHABLE_CODE = YES;
				CLANG_WARN__DUPLICATE_METHOD_MATCH = YES;
				COPY_PHASE_STRIP = NO;
				DEBUG_INFORMATION_FORMAT = "dwarf-with-dsym";
				ENABLE_NS_ASSERTIONS = NO;
				ENABLE_STRICT_OBJC_MSGSEND = YES;
				ENABLE_USER_SCRIPT_SANDBOXING = YES;
				GCC_C_LANGUAGE_STANDARD = gnu17;
				GCC_NO_COMMON_BLOCKS = YES;
				GCC_WARN_64_TO_32_BIT_CONVERSION = YES;
				GCC_WARN_ABOUT_RETURN_TYPE = YES_ERROR;
				GCC_WARN_UNDECLARED_SELECTOR = YES;
				GCC_WARN_UNINITIALIZED_AUTOS = YES_AGGRESSIVE;
				GCC_WARN_UNUSED_FUNCTION = YES;
				GCC_WARN_UNUSED_VARIABLE = YES;
				LOCALIZATION_PREFERS_STRING_CATALOGS = YES;
				MACOSX_DEPLOYMENT_TARGET = 14.0;
				MTL_ENABLE_DEBUG_INFO = NO;
				MTL_FAST_MATH = YES;
				SDKROOT = macosx;
				SWIFT_COMPILATION_MODE = wholemodule;
			};
			name = Release;
		};
		05328DCB2A80B7D40041CA49 /* Debug */ = {
			isa = XCBuildConfiguration;
			buildSettings = {
				ASSETCATALOG_COMPILER_APPICON_NAME = AppIcon;
				ASSETCATALOG_COMPILER_GLOBAL_ACCENT_COLOR_NAME = AccentColor;
				CLANG_ENABLE_MODULES = YES;
				CODE_SIGN_ENTITLEMENTS = "Unicode Display/Unicode_Display.entitlements";
				"CODE_SIGN_IDENTITY[sdk=macosx*]" = "Apple Development";
				CODE_SIGN_STYLE = Automatic;
				COMBINE_HIDPI_IMAGES = YES;
				CURRENT_PROJECT_VERSION = 1;
				DEVELOPMENT_ASSET_PATHS = "\"Unicode Display/Preview Content\"";
				DEVELOPMENT_TEAM = 7NNDF6KU3D;
				ENABLE_HARDENED_RUNTIME = YES;
				ENABLE_PREVIEWS = YES;
				GENERATE_INFOPLIST_FILE = YES;
				INFOPLIST_KEY_NSHumanReadableCopyright = "";
				LD_RUNPATH_SEARCH_PATHS = (
					"$(inherited)",
					"@executable_path/../Frameworks",
				);
				MARKETING_VERSION = 1.0;
				PRODUCT_BUNDLE_IDENTIFIER = "edu.umich.jadb.Unicode-Display";
				PRODUCT_NAME = "$(TARGET_NAME)";
				SWIFT_EMIT_LOC_STRINGS = YES;
				SWIFT_OBJC_BRIDGING_HEADER = "Unicode Display/Unicode Display-Bridging-Header.h";
				SWIFT_OPTIMIZATION_LEVEL = "-Onone";
				SWIFT_VERSION = 5.0;
			};
			name = Debug;
		};
		05328DCC2A80B7D40041CA49 /* Release */ = {
			isa = XCBuildConfiguration;
			buildSettings = {
				ASSETCATALOG_COMPILER_APPICON_NAME = AppIcon;
				ASSETCATALOG_COMPILER_GLOBAL_ACCENT_COLOR_NAME = AccentColor;
				CLANG_ENABLE_MODULES = YES;
				CODE_SIGN_ENTITLEMENTS = "Unicode Display/Unicode_Display.entitlements";
				"CODE_SIGN_IDENTITY[sdk=macosx*]" = "Apple Development";
				CODE_SIGN_STYLE = Automatic;
				COMBINE_HIDPI_IMAGES = YES;
				CURRENT_PROJECT_VERSION = 1;
				DEVELOPMENT_ASSET_PATHS = "\"Unicode Display/Preview Content\"";
				DEVELOPMENT_TEAM = 7NNDF6KU3D;
				ENABLE_HARDENED_RUNTIME = YES;
				ENABLE_PREVIEWS = YES;
				GENERATE_INFOPLIST_FILE = YES;
				INFOPLIST_KEY_NSHumanReadableCopyright = "";
				LD_RUNPATH_SEARCH_PATHS = (
					"$(inherited)",
					"@executable_path/../Frameworks",
				);
				MARKETING_VERSION = 1.0;
				PRODUCT_BUNDLE_IDENTIFIER = "edu.umich.jadb.Unicode-Display";
				PRODUCT_NAME = "$(TARGET_NAME)";
				SWIFT_EMIT_LOC_STRINGS = YES;
				SWIFT_OBJC_BRIDGING_HEADER = "Unicode Display/Unicode Display-Bridging-Header.h";
				SWIFT_VERSION = 5.0;
			};
			name = Release;
		};
/* End XCBuildConfiguration section */

/* Begin XCConfigurationList section */
		05328DB62A80B7D20041CA49 /* Build configuration list for PBXProject "Unicode Display" */ = {
			isa = XCConfigurationList;
			buildConfigurations = (
				05328DC82A80B7D40041CA49 /* Debug */,
				05328DC92A80B7D40041CA49 /* Release */,
			);
			defaultConfigurationIsVisible = 0;
			defaultConfigurationName = Release;
		};
		05328DCA2A80B7D40041CA49 /* Build configuration list for PBXNativeTarget "Unicode Display" */ = {
			isa = XCConfigurationList;
			buildConfigurations = (
				05328DCB2A80B7D40041CA49 /* Debug */,
				05328DCC2A80B7D40041CA49 /* Release */,
			);
			defaultConfigurationIsVisible = 0;
			defaultConfigurationName = Release;
		};
/* End XCConfigurationList section */
	};
	rootObject = 05328DB32A80B7D20041CA49 /* Project object */;
}
